
Microsoft Visual Studio Solution File, Format Version 12.00
# Visual Studio Version 17
VisualStudioVersion = 17.11.35303.130
MinimumVisualStudioVersion = 10.0.40219.1
Project("{9A19103F-16F7-4668-BE54-9A1E7A4F7556}") = "OLX.API", "OLX.API\OLX.API.csproj", "{C3D90B12-5718-4F69-8C10-3D30F7EA6487}"
EndProject
Project("{FAE04EC0-301F-11D3-BF4B-00C04F79EFBC}") = "Olx.DAL", "Olx.DAL\Olx.DAL.csproj", "{9DEF20D7-8055-47DF-84F1-30D1F1528DD1}"
EndProject
Project("{FAE04EC0-301F-11D3-BF4B-00C04F79EFBC}") = "Olx.BLL", "Olx.BLL\Olx.BLL.csproj", "{EC9C69AA-CCC6-46B5-8358-F94726E0CC63}"
EndProject
Global
	GlobalSection(SolutionConfigurationPlatforms) = preSolution
		Debug|Any CPU = Debug|Any CPU
		Release|Any CPU = Release|Any CPU
	EndGlobalSection
	GlobalSection(ProjectConfigurationPlatforms) = postSolution
		{C3D90B12-5718-4F69-8C10-3D30F7EA6487}.Debug|Any CPU.ActiveCfg = Debug|Any CPU
		{C3D90B12-5718-4F69-8C10-3D30F7EA6487}.Debug|Any CPU.Build.0 = Debug|Any CPU
		{C3D90B12-5718-4F69-8C10-3D30F7EA6487}.Release|Any CPU.ActiveCfg = Release|Any CPU
		{C3D90B12-5718-4F69-8C10-3D30F7EA6487}.Release|Any CPU.Build.0 = Release|Any CPU
		{9DEF20D7-8055-47DF-84F1-30D1F1528DD1}.Debug|Any CPU.ActiveCfg = Debug|Any CPU
		{9DEF20D7-8055-47DF-84F1-30D1F1528DD1}.Debug|Any CPU.Build.0 = Debug|Any CPU
		{9DEF20D7-8055-47DF-84F1-30D1F1528DD1}.Release|Any CPU.ActiveCfg = Release|Any CPU
		{9DEF20D7-8055-47DF-84F1-30D1F1528DD1}.Release|Any CPU.Build.0 = Release|Any CPU
		{EC9C69AA-CCC6-46B5-8358-F94726E0CC63}.Debug|Any CPU.ActiveCfg = Debug|Any CPU
		{EC9C69AA-CCC6-46B5-8358-F94726E0CC63}.Debug|Any CPU.Build.0 = Debug|Any CPU
		{EC9C69AA-CCC6-46B5-8358-F94726E0CC63}.Release|Any CPU.ActiveCfg = Release|Any CPU
		{EC9C69AA-CCC6-46B5-8358-F94726E0CC63}.Release|Any CPU.Build.0 = Release|Any CPU
	EndGlobalSection
	GlobalSection(SolutionProperties) = preSolution
		HideSolutionNode = FALSE
	EndGlobalSection
	GlobalSection(ExtensibilityGlobals) = postSolution
		SolutionGuid = {5D1AB686-78DB-4698-98EE-C8653C7FE970}
	EndGlobalSection
EndGlobal
